version = 1
revision = 3
requires-python = ">=3.13"

[[package]]
name = "colorama"
version = "0.4.6"
source = { registry = "https://pypi.org/simple" }
sdist = { url = "https://files.pythonhosted.org/packages/d8/53/6f443c9a4a8358a93a6792e2acffb9d9d5cb0a5cfd8802644b7b1c9a02e4/colorama-0.4.6.tar.gz", hash = "sha256:08695f5cb7ed6e0531a20572697297273c47b8cae5a63ffc6d6ed5c201be6e44", size = 27697, upload-time = "2022-10-25T02:36:22.414Z" }
wheels = [
    { url = "https://files.pythonhosted.org/packages/d1/d6/3965ed04c63042e047cb6a3e6ed1a63a35087b6a609aa3a15ed8ac56c221/colorama-0.4.6-py2.py3-none-any.whl", hash = "sha256:4f1d9991f5acc0ca119f9d443620b77f9d6b33703e51011c16baf57afb285fc6", size = 25335, upload-time = "2022-10-25T02:36:20.889Z" },
]

[[package]]
name = "herma"
version = "0.0.1"
source = { editable = "." }

[package.dev-dependencies]
dev = [
    { name = "prek" },
    { name = "pyrefly" },
    { name = "pytest" },
    { name = "ruff" },
    { name = "rumdl" },
    { name = "tombi" },
]

[package.metadata]

[package.metadata.requires-dev]
dev = [
    { name = "prek", specifier = ">=0.5.2" },
    { name = "pyrefly", specifier = ">=1.2.0" },
    { name = "pytest", specifier = ">=9.1.1" },
    { name = "ruff", specifier = ">=0.16.6" },
    { name = "rumdl", specifier = ">=0.2.68" },
    { name = "tombi", specifier = ">=1.5.2" },
]

[[package]]
name = "iniconfig"
version = "2.3.0"
source = { registry = "https://pypi.org/simple" }
sdist = { url = "https://files.pythonhosted.org/packages/72/34/14ca021ce8e5dfedc35312d08ba8bf51fdd999c576889fc2c24cb97f4f10/iniconfig-2.3.0.tar.gz", hash = "sha256:c76315c77db068650d49c5b56314774a7804df16fee4402c1f19d6d15d8c4730", size = 20503, upload-time = "2025-10-18T21:55:43.219Z" }
wheels = [
    { url = "https://files.pythonhosted.org/packages/cb/b1/3846dd7f199d53cb17f49cba7e651e9ce294d8497c8c150530ed11865bb8/iniconfig-2.3.0-py3-none-any.whl", hash = "sha256:f631c04d2c48c52b84d0d0549c99ff3859c98df65b3101406327ecc7d53fbf12", size = 7484, upload-time = "2025-10-18T21:55:41.639Z" },
]

[[package]]
name = "packaging"
version = "26.3"
source = { registry = "https://pypi.org/simple" }
sdist = { url = "https://files.pythonhosted.org/packages/7d/fa/3944b40b07da9ce895c0e6303a5ab7d53da063554f534556b134a54d6093/packaging-26.3.tar.gz", hash = "sha256:94edc256424af38762eb31306eed28beb9f0efc50a8837492c9d6fd6004aed79", size = 313412, upload-time = "2026-08-04T18:15:28.737Z" }
wheels = [
    { url = "https://files.pythonhosted.org/packages/63/34/ba1c580383c9eada3711951fef0795c80b829a078d72188184bcab9dd527/packaging-26.3-py3-none-any.whl", hash = "sha256:d7193f7c8e4e93f444fde0262bf90af30e16fa0ad0ad44cb553c87339b23cd1c", size = 129956, upload-time = "2026-08-04T18:15:27.159Z" },
]

[[package]]
name = "pluggy"
version = "1.6.0"
source = { registry = "https://pypi.org/simple" }
sdist = { url = "https://files.pythonhosted.org/packages/f9/e2/3e91f31a7d2b083fe6ef3fa267035b518369d9511ffab804f839851d2779/pluggy-1.6.0.tar.gz", hash = "sha256:7dcc130b76258d33b90f61b658791dede3486c3e6bfb003ee5c9bfb396dd22f3", size = 69412, upload-time = "2025-05-15T12:30:07.975Z" }
wheels = [
    { url = "https://files.pythonhosted.org/packages/54/20/4d324d65cc6d9205fabedc306948156824eb9f0ee1633355a8f7ec5c66bf/pluggy-1.6.0-py3-none-any.whl", hash = "sha256:e920276dd6813095e9377c0bc5566d94c932c33b27a3e3945d8389c374dd4746", size = 20538, upload-time = "2025-05-15T12:30:06.134Z" },
]

[[package]]
name = "prek"
version = "0.5.2"
source = { registry = "https://pypi.org/simple" }
sdist = { url = "https://files.pythonhosted.org/packages/b1/05/4402641f168dd862d27592cbd4c5fb171d119c15611e5dbef3df857e8932/prek-0.5.2.tar.gz", hash = "sha256:a90ea4eeba35c6081bad29775f6a49fcc33fb80372424fce64c7a9c5774e8204", size = 549442, upload-time = "2026-09-02T17:49:27.241Z" }
wheels = [
    { url = "https://files.pythonhosted.org/packages/6e/25/cf9c6064fea82ba6f4801dc3be650cc86eae3d9951e2a6fb28b21cbfa156/prek-0.5.2-py3-none-macosx_10_12_x86_64.whl", hash = "sha256:40d488a48de3f47f48bd4911ee5dec25e615f992b4cde821e9b50d40c615b39e", size = 5982622, upload-time = "2026-09-02T17:49:10.111Z" },
    { url = "https://files.pythonhosted.org/packages/cb/d9/9772fd4d4023c34780d957f407d9437e2a16d6bef77e3da9fa4374cd75bb/prek-0.5.2-py3-none-macosx_11_0_arm64.whl", hash = "sha256:0eb3b812fc13bc5c05cfc1a8b469f9665a02f845753c3759ad7aca50af707afb", size = 5525662, upload-time = "2026-09-02T17:49:12.336Z" },
    { url = "https://files.pythonhosted.org/packages/3b/19/be25a56ab243f2e5c9333c38bad33bddffec92ea8a25e34248eba6e00ac8/prek-0.5.2-py3-none-manylinux_2_17_aarch64.manylinux2014_aarch64.musllinux_1_1_aarch64.whl", hash = "sha256:c0219d1e694a962e3b3ae98f42f53065d2e2856719caee88578d24b35ea74cad", size = 5826109, upload-time = "2026-09-02T17:49:13.994Z" },
    { url = "https://files.pythonhosted.org/packages/1e/bd/a4a5a3022915b8e1768df9b2d8744f3e7c4b3bb7cdbe697612cc96054169/prek-0.5.2-py3-none-manylinux_2_17_x86_64.manylinux2014_x86_64.whl", hash = "sha256:a0e22f11c1fb5df89acf5cbde78f6139edf2c30a205bea5a5d4a094366dcdbda", size = 6201473, upload-time = "2026-09-02T17:49:16.156Z" },
    { url = "https://files.pythonhosted.org/packages/f6/fb/2e5f8adbee718f15333a113872104c4b3d25ecce423dd7117cfcd28a25fe/prek-0.5.2-py3-none-manylinux_2_28_aarch64.whl", hash = "sha256:1d52de8428d5eef7c8c0fd64efd7d31210d13924fd36a02975d462675715aeb7", size = 5829166, upload-time = "2026-09-02T17:49:17.997Z" },
    { url = "https://files.pythonhosted.org/packages/44/71/c798d54741cc8f345b211e453dda9599546fb213c3593eb711cb6c710bbf/prek-0.5.2-py3-none-musllinux_1_1_x86_64.whl", hash = "sha256:86aebcd8ab831036fc3ac9b15275412403e21041da031e6c9f1547888843e5c6", size = 6318980, upload-time = "2026-09-02T17:49:21.145Z" },
    { url = "https://files.pythonhosted.org/packages/8f/f8/4aefbf76dae091078655fbaf065c34fa900d43b39c2b88e80cbaa71b5efb/prek-0.5.2-py3-none-win_amd64.whl", hash = "sha256:b6c0e4f272f9410f8218d1db0cc7ea10cd8f62db19f820b9ace9f6c2b33bd8dd", size = 5727075, upload-time = "2026-09-02T17:49:23.656Z" },
    { url = "https://files.pythonhosted.org/packages/df/7c/409ced8866197da50e9bcb2c9bf101e3e9a35b98a851c0ccd2a44509eaa5/prek-0.5.2-py3-none-win_arm64.whl", hash = "sha256:0ebea4ef39f6446f6c414a5a506cde8942b17b5899f74cf90e352628085d4005", size = 5489643, upload-time = "2026-09-02T17:49:25.778Z" },
]

[[package]]
name = "pygments"
version = "2.21.0"
source = { registry = "https://pypi.org/simple" }
sdist = { url = "https://files.pythonhosted.org/packages/49/2e/ced460408999b33da6b31b0021b0f37d329e202d4169aeb164493778f25b/pygments-2.21.0.tar.gz", hash = "sha256:610ca751c9bc2492b38eb9a38a7fbc93edbbb2d7182edaf34e66ae493dee5c8c", size = 5005329, upload-time = "2026-08-17T08:02:48.824Z" }
wheels = [
    { url = "https://files.pythonhosted.org/packages/71/46/17f022dd3e953bf20a04a028a21ec746d942f8d2af30fa0f124fa0e6a684/pygments-2.21.0-py3-none-any.whl", hash = "sha256:2363c69b61c4a97c838da3b130dcd6468f4848992b21a82f2a63ec34377137d9", size = 1250147, upload-time = "2026-08-17T08:02:44.912Z" },
]

[[package]]
name = "pyrefly"
version = "1.2.0"
source = { registry = "https://pypi.org/simple" }
sdist = { url = "https://files.pythonhosted.org/packages/89/01/a86e9f24722b095c3f88e3616132b75a21b0df53804bdc6a45314dd4d93c/pyrefly-1.2.0.tar.gz", hash = "sha256:5485f960fc2481617068c918335c39ab1507ef90b6b5bd35bf57726e60e73185", size = 6243654, upload-time = "2026-08-01T02:56:27.592Z" }
wheels = [
    { url = "https://files.pythonhosted.org/packages/7d/9d/3c0ef1d4843987b22f996ed381ec9cf5a3b1273e29804db276252e4c95eb/pyrefly-1.2.0-py3-none-macosx_10_12_x86_64.whl", hash = "sha256:7f46d983ac49ddd2b043694960a01dc6a19a5cfd8eec609d6bd9c42866f91b4e", size = 14026305, upload-time = "2026-08-01T02:56:02.611Z" },
    { url = "https://files.pythonhosted.org/packages/0a/06/03bbb78fbea54cdc65b626619f3597d5611aca4fdef11e72a4e8360e7e63/pyrefly-1.2.0-py3-none-macosx_11_0_arm64.whl", hash = "sha256:756f669b5555090f5c1a4fef30db1785fabe657764f7e4e6dc88994dfb8ca82d", size = 13463880, upload-time = "2026-08-01T02:56:04.93Z" },
    { url = "https://files.pythonhosted.org/packages/13/5a/7d8bc00a38e93bbc9c3e7bd14d305f7948717e667c9bcddeab9dd42fd255/pyrefly-1.2.0-py3-none-manylinux_2_17_aarch64.manylinux2014_aarch64.whl", hash = "sha256:e3465812ce5ef4781fb592edbf2724547296f0a3124be115d73c7e8b2401862d", size = 13907329, upload-time = "2026-08-01T02:56:07.104Z" },
    { url = "https://files.pythonhosted.org/packages/be/94/9e08b4bf799d0b8f36b55a2783c7ba5f51730cf0632a85a67b5b5ed876cd/pyrefly-1.2.0-py3-none-manylinux_2_17_i686.manylinux2014_i686.whl", hash = "sha256:5de7b2ad2bba5c8055181681a84b74143eac2234a48ba5d1b7ed7e7a722b02bd", size = 15039020, upload-time = "2026-08-01T02:56:09.208Z" },
    { url = "https://files.pythonhosted.org/packages/5b/bd/bca5fd0c80f4daf8ee6903a29df9f3de1feb05ff0946b8f35ec8c5096b13/pyrefly-1.2.0-py3-none-manylinux_2_17_ppc64le.manylinux2014_ppc64le.whl", hash = "sha256:25822ea9505f589ea8a725e4268b475132fb89e038fbf092e446510443ac142a", size = 14986199, upload-time = "2026-08-01T02:56:11.924Z" },
    { url = "https://files.pythonhosted.org/packages/97/f7/f07087f3d185ad2eced0c56cef89ca5474dfb4ff25f146cd50a861c97553/pyrefly-1.2.0-py3-none-manylinux_2_17_x86_64.manylinux2014_x86_64.whl", hash = "sha256:90efe75e17491ef5d636e10469e9278d7d0256b3b4c5e1f4750069bf3ae0f5d1", size = 14393715, upload-time = "2026-08-01T02:56:14.143Z" },
    { url = "https://files.pythonhosted.org/packages/d3/70/0d142c320e284b9e3ce35e9b1e58b8ce2ee1f578f2a7234bc30e5022b94f/pyrefly-1.2.0-py3-none-musllinux_1_2_aarch64.whl", hash = "sha256:368aaf7eee4f511ddc0f8e564cf14e01ab2f10b0db9105c6d5b153bf498d07bf", size = 13933008, upload-time = "2026-08-01T02:56:16.525Z" },
    { url = "https://files.pythonhosted.org/packages/5d/e8/e84f11b6e1f63fd453ad3654213b9a0f6f4de8cef6b58038eef2d0d5955d/pyrefly-1.2.0-py3-none-musllinux_1_2_x86_64.whl", hash = "sha256:d52d5da7bc65fb7675fbaa80eda879d4f8787c494f04cac21603330d3abbdbbe", size = 14431827, upload-time = "2026-08-01T02:56:18.645Z" },
    { url = "https://files.pythonhosted.org/packages/0f/06/810d31380f66c75e1c0779a408d3b16117b1b368b57894f6aa66bef21686/pyrefly-1.2.0-py3-none-win32.whl", hash = "sha256:8c90751de8506d938e8f802659c74cf35bd7a0036510ee6c634a38eebb280bfa", size = 13229447, upload-time = "2026-08-01T02:56:20.921Z" },
    { url = "https://files.pythonhosted.org/packages/ed/98/4dafa3c7a1caed2dc8cc708dde09ba27963c7736508f55b626fff3024113/pyrefly-1.2.0-py3-none-win_amd64.whl", hash = "sha256:8a8964c224ccc4882730130955815de21ff443c1ac3f0b90685b19bf63848170", size = 14087387, upload-time = "2026-08-01T02:56:23.188Z" },
    { url = "https://files.pythonhosted.org/packages/1b/1c/df3cb0a2e5591660ded7a1836cd2f29dc48c91adb1c0a3a700a96f6d09e1/pyrefly-1.2.0-py3-none-win_arm64.whl", hash = "sha256:3a90bb8df39dfbac74b1f3b2e9d7c526b8f80568884c3944d955023a73ebf61e", size = 13430873, upload-time = "2026-08-01T02:56:25.425Z" },
]

[[package]]
name = "pytest"
version = "9.1.1"
source = { registry = "https://pypi.org/simple" }
dependencies = [
    { name = "colorama", marker = "sys_platform == 'win32'" },
    { name = "iniconfig" },
    { name = "packaging" },
    { name = "pluggy" },
    { name = "pygments" },
]
sdist = { url = "https://files.pythonhosted.org/packages/e4/47/b9efed96c114afcfa3c9d3fe98a76a1d14c74a9e266d397cf6eb64be5e01/pytest-9.1.1.tar.gz", hash = "sha256:1088fbde8f2b49d95a549a195707afa7a76a3ce9bcadc26b6d71f0ffda5fe313", size = 1636369, upload-time = "2026-06-19T10:58:32.857Z" }
wheels = [
    { url = "https://files.pythonhosted.org/packages/24/25/1de2678b631f5a49215c6c96fff41ba892b0a34df68d6d80292b1b48aa7f/pytest-9.1.1-py3-none-any.whl", hash = "sha256:37a86b45efb9a47a61a36449063e8e18d0cab3161329fc099eb21783169c4f0c", size = 386536, upload-time = "2026-06-19T10:58:31.347Z" },
]

[[package]]
name = "ruff"
version = "0.16.6"
source = { registry = "https://pypi.org/simple" }
sdist = { url = "https://files.pythonhosted.org/packages/a4/7c/6adb35d70e7c027e308274557901c7e00fb3407750faf3620c184ae058cb/ruff-0.16.6.tar.gz", hash = "sha256:dcf8a73d2ff77e99dde91244b4da16feba7f14e6beeb4015dee7c5a909e99050", size = 4921251, upload-time = "2026-09-03T16:57:29.037Z" }
wheels = [
    { url = "https://files.pythonhosted.org/packages/a4/28/9cc1b79639e284ec103f43c88c644db4eb58cbd0ea1ca11f1193435369ac/ruff-0.16.6-py3-none-linux_armv6l.whl", hash = "sha256:61c368c26bf8e973e5ab14a2772de587bc068ea3f9a277f673380749b4898fb8", size = 10015638, upload-time = "2026-09-03T16:56:40.986Z" },
    { url = "https://files.pythonhosted.org/packages/71/11/627d342ef727ea7794edf74fe23d60a074b02c3acc2e9436684e782286ca/ruff-0.16.6-py3-none-macosx_10_12_x86_64.whl", hash = "sha256:ecf4f068e2e123e43a26e9db4e19524cc56563912404e83bbfca375757e45a32", size = 10220762, upload-time = "2026-09-03T16:56:44.681Z" },
    { url = "https://files.pythonhosted.org/packages/43/d9/b75668ce41e4c8d073d18d6d08672ba6906ce45d5c06ea4fdb2e84ce3853/ruff-0.16.6-py3-none-macosx_11_0_arm64.whl", hash = "sha256:99b62ea33baf130f50368798d841f0d95527b6d817bf31817b65dd058f1d314c", size = 9835082, upload-time = "2026-09-03T16:56:47.142Z" },
    { url = "https://files.pythonhosted.org/packages/99/97/123ab10b05cde889c107c20f5a9774955104b5552796a2a8584b089ae8eb/ruff-0.16.6-py3-none-manylinux_2_17_aarch64.manylinux2014_aarch64.whl", hash = "sha256:7fbf89013f2bb3f6835a6038ff658dc8a1b38c98dc8e724b964168ad4e881876", size = 9949304, upload-time = "2026-09-03T16:56:49.813Z" },
    { url = "https://files.pythonhosted.org/packages/3e/58/a4a2c59dd2e5b85929c912d9cac3056eb9ee8c7e75e9b9fe3e109174966b/ruff-0.16.6-py3-none-manylinux_2_17_armv7l.manylinux2014_armv7l.whl", hash = "sha256:56a67065e22efa6bc4d498299d3bb06c0c90aace8fac2068b5a12f9dc4d8d51d", size = 9840612, upload-time = "2026-09-03T16:56:52.368Z" },
    { url = "https://files.pythonhosted.org/packages/61/6a/ff8c8626a786c4f49d48ced4a752dadbca65f5263005f9c2416578194694/ruff-0.16.6-py3-none-manylinux_2_17_i686.manylinux2014_i686.whl", hash = "sha256:e25cc89174874b176a157e4428d66761c2c0c006654419bf384f967f361ff1b1", size = 10543465, upload-time = "2026-09-03T16:56:55.089Z" },
    { url = "https://files.pythonhosted.org/packages/ad/bb/c47535923365f337b82e28192e4e9eef2176511007cfd99a62fc22df5dad/ruff-0.16.6-py3-none-manylinux_2_17_ppc64le.manylinux2014_ppc64le.whl", hash = "sha256:0700580ed5303723cb3c11c2f1d2a8913ce77b7ea86646dddb887f5417a9ba70", size = 11267576, upload-time = "2026-09-03T16:56:57.791Z" },
    { url = "https://files.pythonhosted.org/packages/ba/50/e5119a5212b5cd63b51e1f4b25e7bd636a6668fc069a3160b108ad7e3c16/ruff-0.16.6-py3-none-manylinux_2_17_s390x.manylinux2014_s390x.whl", hash = "sha256:15f1d0b6e165a6e56567befb6629f8209271311d990bae0f37e6d065035ef5f3", size = 10781993, upload-time = "2026-09-03T16:57:00.666Z" },
    { url = "https://files.pythonhosted.org/packages/8b/98/083d8b4ef3c51a0d19db84367791cbe9f44e4b53343d19dfa83556e1cd9a/ruff-0.16.6-py3-none-manylinux_2_17_x86_64.manylinux2014_x86_64.whl", hash = "sha256:d72c591a96986ee4268860e2b7235082129ca5e4cb9cbba653a4b57c11893757", size = 10317748, upload-time = "2026-09-03T16:57:03.428Z" },
    { url = "https://files.pythonhosted.org/packages/9a/29/68f7ff2c5ad95f19f00627ac2de95644e25fe47371ea60b2db1fd952315e/ruff-0.16.6-py3-none-manylinux_2_31_riscv64.whl", hash = "sha256:65a006baa18f33324325814c864daef03541d51564b98c517610ea756ab7003e", size = 10540096, upload-time = "2026-09-03T16:57:06.182Z" },
    { url = "https://files.pythonhosted.org/packages/c4/f9/79a8f6de85968641d68a7863aeec577551924ef066a990a48ff93167beab/ruff-0.16.6-py3-none-musllinux_1_2_aarch64.whl", hash = "sha256:cd02a7bf1a21a8735228a3e8c95a9dc5cf86bd2a52194f4aaae2a5755b4de0f4", size = 10100494, upload-time = "2026-09-03T16:57:09.194Z" },
    { url = "https://files.pythonhosted.org/packages/d9/e8/b81a22d9b90c00b892ccf2fa2ac36fa95de4c13ab85aea3e73795cfe4651/ruff-0.16.6-py3-none-musllinux_1_2_armv7l.whl", hash = "sha256:31b36f1e5ad85e0737f09d2be4e512e2e283583c14015da3b9dc07359ac0fc88", size = 9843663, upload-time = "2026-09-03T16:57:12.168Z" },
    { url = "https://files.pythonhosted.org/packages/39/aa/54f516ec5e5a11c4afdceb1c454ebb054ffb96e4f4a1705580b4346abd35/ruff-0.16.6-py3-none-musllinux_1_2_i686.whl", hash = "sha256:61029b4ab4aa723fd3064fab96b1d814492596bf0c792679fffcbde1e1679953", size = 10282461, upload-time = "2026-09-03T16:57:15.077Z" },
    { url = "https://files.pythonhosted.org/packages/52/0b/38d0aa8aa32372b96dc44f97b22e576c4147808271aab7b2cb1e353d4445/ruff-0.16.6-py3-none-musllinux_1_2_x86_64.whl", hash = "sha256:9ac8998457832c2061709d900856b7ad271dace0cb41f346588d540162bfa718", size = 10728808, upload-time = "2026-09-03T16:57:17.797Z" },
    { url = "https://files.pythonhosted.org/packages/5e/e5/9e274e24eeb027640ffc7442f21239f16d17f47acec15ae34f32e03a5c79/ruff-0.16.6-py3-none-win32.whl", hash = "sha256:0b87d9d16fcb63e8018423ca1d50b7260f15cb2da33e30db4baad4183a948c25", size = 10049212, upload-time = "2026-09-03T16:57:20.55Z" },
    { url = "https://files.pythonhosted.org/packages/22/31/72472449414223ed1a2da236b992adbb1a2ae59e34794574810f60ce068e/ruff-0.16.6-py3-none-win_amd64.whl", hash = "sha256:10d21c51c3495d8eaea7b703a16592117ea6eb1d649e36335aa965ff1173eb39", size = 10556402, upload-time = "2026-09-03T16:57:23.501Z" },
    { url = "https://files.pythonhosted.org/packages/fc/07/d781f8f8e1ac24bef9f3269cf62ffb1407ca24c3a8f12e5e22874f90528c/ruff-0.16.6-py3-none-win_arm64.whl", hash = "sha256:7a976c79b958f94e50a022a19f0f8c87387448020935ec14fc74331bd0a7f2c5", size = 10412850, upload-time = "2026-09-03T16:57:26.416Z" },
]

[[package]]
name = "rumdl"
version = "0.2.68"
source = { registry = "https://pypi.org/simple" }
sdist = { url = "https://files.pythonhosted.org/packages/f1/47/fbf8fdf9e38839a1c675e4bd1c99f7d05fc04e36bbebb1200d3dbb6f3573/rumdl-0.2.68.tar.gz", hash = "sha256:33a867ac10156cdd6d9ba0b9a45c19fe039cb8b8a00ffa0a61ce8951d98c39d4", size = 4643874, upload-time = "2026-09-07T16:00:58.357Z" }
wheels = [
    { url = "https://files.pythonhosted.org/packages/13/89/1082bdaf10d36e39cfe7e58cca0322b72c958d4919fe13a35da6a07c3af4/rumdl-0.2.68-py3-none-macosx_10_12_x86_64.whl", hash = "sha256:150397aa2bdeaafe7929499b87621dfbe776adfc8091c797261de9e492882094", size = 7117007, upload-time = "2026-09-07T16:00:48.637Z" },
    { url = "https://files.pythonhosted.org/packages/65/62/8755c4ac7393097b3d480271bcb494e2baff9a3f5cde1f2299fa21344c5f/rumdl-0.2.68-py3-none-macosx_11_0_arm64.whl", hash = "sha256:9440d799e3097999eaa85e991b3cf5a23cbaf0574040e5073dc0dc4035c32735", size = 6703582, upload-time = "2026-09-07T16:00:40.455Z" },
    { url = "https://files.pythonhosted.org/packages/2a/e6/241878c9198fe4e437e5177db958f4ece2f5111180d7866700e4654ef0bc/rumdl-0.2.68-py3-none-manylinux_2_28_aarch64.whl", hash = "sha256:b91305af62b7675dbff806aafea3fd2ccb950088e3a786ada3caff735eb8c019", size = 6850294, upload-time = "2026-09-07T16:00:43.671Z" },
    { url = "https://files.pythonhosted.org/packages/5a/0b/def8e230185784e2877a66ea67336ae1aa4a43a75d6ee05947893cd608e6/rumdl-0.2.68-py3-none-manylinux_2_28_x86_64.whl", hash = "sha256:6bb73129f109b21814d02f41f6771a9d14655543846abd130c0104e6f09c5daa", size = 7324804, upload-time = "2026-09-07T16:00:53.626Z" },
    { url = "https://files.pythonhosted.org/packages/74/6c/725e11cba4fa78dc3d3318a53bd324add41026a00de81d8ae1a13a4c4fcb/rumdl-0.2.68-py3-none-musllinux_1_2_aarch64.whl", hash = "sha256:dda9722587b96092d60093f1de24a948bb42234b0c44818e9c6caea6fc7ee31e", size = 6830978, upload-time = "2026-09-07T16:00:46.062Z" },
    { url = "https://files.pythonhosted.org/packages/73/fa/2a6f42c36f8ea6567b322a48660e47ec910753f259a6157026eedb634bf3/rumdl-0.2.68-py3-none-musllinux_1_2_x86_64.whl", hash = "sha256:74b5008b0ca6a67921f9d5e27287ad42fef961a17e3fb7bb5903deca800b0c90", size = 7292418, upload-time = "2026-09-07T16:00:56.039Z" },
    { url = "https://files.pythonhosted.org/packages/56/b9/fd916d692decac600a77e036652309ba28a048248ee4ac3f4ca40c289364/rumdl-0.2.68-py3-none-win_amd64.whl", hash = "sha256:0fd174db0f2c202b92b301347b842b1b223c182b68af268096156666b4a99f24", size = 7314561, upload-time = "2026-09-07T16:00:51.147Z" },
]

[[package]]
name = "tombi"
version = "1.5.2"
source = { registry = "https://pypi.org/simple" }
sdist = { url = "https://files.pythonhosted.org/packages/69/89/d06893e30f6ecae19de2024becb308bf6e5784a84b3f43ed4e68b6b2e9c2/tombi-1.5.2.tar.gz", hash = "sha256:9f3f9dd3c9b228c2f01768b177593382301b332fa638de295fb7a0233c399cb4", size = 741566, upload-time = "2026-09-05T10:15:57.64Z" }
wheels = [
    { url = "https://files.pythonhosted.org/packages/1c/36/0a112b3fe0b43845024f250244278d9d5be4ea0c1010e79aeff1ba5bc38a/tombi-1.5.2-py3-none-macosx_10_12_x86_64.whl", hash = "sha256:9b83ea08be75900608c6e7891b6192b52375bcd21ce196f3f2b157f4fa1c5136", size = 8995987, upload-time = "2026-09-05T10:15:28.167Z" },
    { url = "https://files.pythonhosted.org/packages/17/74/b1063d47d936dedca87a943f1e41bc7626350f4a55cd532f4657482c1d40/tombi-1.5.2-py3-none-macosx_11_0_arm64.whl", hash = "sha256:3d219dde399d75652ac9e8a3fac4515cd22c55ff5ebb48738e82fd2eda70738c", size = 8494677, upload-time = "2026-09-05T10:15:30.674Z" },
    { url = "https://files.pythonhosted.org/packages/da/05/1ed2782317b08505887f073ca03fa18008ce17781afdd16367444000f4a7/tombi-1.5.2-py3-none-manylinux_2_17_armv7l.manylinux2014_armv7l.whl", hash = "sha256:472a5d8824c9f112ec385ae004df51938d678150dd8f3e56d058062520450d8b", size = 8988567, upload-time = "2026-09-05T10:15:32.447Z" },
    { url = "https://files.pythonhosted.org/packages/12/6d/d3fdc8841c91bc8f3b7c2d25fb0774bc48568c53cb3a68e25e9fc66dafb0/tombi-1.5.2-py3-none-manylinux_2_17_i686.manylinux2014_i686.whl", hash = "sha256:a2761610dcb35e3cd9e1e2ca4b111fa8586ab0405c742d26059ba97b9569075d", size = 9376736, upload-time = "2026-09-05T10:15:34.455Z" },
    { url = "https://files.pythonhosted.org/packages/b8/00/30e262c4a4d83f18d0586e802510eeb1dc64b34eb882eb60572eacc47f1f/tombi-1.5.2-py3-none-manylinux_2_17_ppc64le.manylinux2014_ppc64le.whl", hash = "sha256:2e94a47323ea80761b4acecdef36268b1d2883d44d902995a1b16f6610130cd2", size = 9624797, upload-time = "2026-09-05T10:15:36.646Z" },
    { url = "https://files.pythonhosted.org/packages/f4/5d/f931150f1230f97e5faaee6a4b4847c1e1341eb395d09c4d3e31ef11a39c/tombi-1.5.2-py3-none-manylinux_2_17_s390x.manylinux2014_s390x.whl", hash = "sha256:c7e17f87ef9fa45c6ca9b2b641ddf503f98f28ebdac85be59973cd6f82659aa2", size = 9350351, upload-time = "2026-09-05T10:15:38.573Z" },
    { url = "https://files.pythonhosted.org/packages/8d/d5/b699b238be94c8d7eb82bbcd5a003e21309a328e9ba8edc143a33ff98345/tombi-1.5.2-py3-none-manylinux_2_17_x86_64.manylinux2014_x86_64.whl", hash = "sha256:964ac9c073e5aafdd56bc8877dade2ca141e5c2e977f9bf4f1d3366976559a1a", size = 9272205, upload-time = "2026-09-05T10:15:40.674Z" },
    { url = "https://files.pythonhosted.org/packages/00/85/1000623d5319e6ef6b8f007d91c2374949d4893a9c3d67b38dcc36a16e1d/tombi-1.5.2-py3-none-manylinux_2_28_aarch64.whl", hash = "sha256:c5ef2c04b1d2a88fe50c8479b73d285af5832c4ee95db1a73b4b13e739b63891", size = 8757432, upload-time = "2026-09-05T10:15:42.824Z" },
    { url = "https://files.pythonhosted.org/packages/d5/e0/e560ac63b50b1ae40775c55dc487244279922d1aaaec5fa26950244a5490/tombi-1.5.2-py3-none-musllinux_1_2_aarch64.whl", hash = "sha256:3cb5bc3a73cd7c20c576ef6906b555207af6129b9dcab923aa180731ccb57e1b", size = 8778082, upload-time = "2026-09-05T10:15:44.751Z" },
    { url = "https://files.pythonhosted.org/packages/d3/90/747d04976d6abd2a82cfb4e057ac83ffd15a1494f070c9d78c386da637a1/tombi-1.5.2-py3-none-musllinux_1_2_armv7l.whl", hash = "sha256:5c84e828cd57a1aaa7b9652dbfe84e12d65c98f515d1ccc44e7d6b58444bf7d2", size = 8997007, upload-time = "2026-09-05T10:15:46.728Z" },
    { url = "https://files.pythonhosted.org/packages/9f/ab/fa334c3831dc186aa22a6299a13f9b12ad1f0d3af2d99948a5f1ce472204/tombi-1.5.2-py3-none-musllinux_1_2_i686.whl", hash = "sha256:443099bf87c1fdf56ef9aed37e430be407530ec3df13a0a67f3df6c903ee59fe", size = 9178195, upload-time = "2026-09-05T10:15:48.666Z" },
    { url = "https://files.pythonhosted.org/packages/2d/d4/2db4508d89cd0b32ee0df617c4ab91b35407e09a9e74bf64a4f283a8f558/tombi-1.5.2-py3-none-musllinux_1_2_x86_64.whl", hash = "sha256:b4ab213bc106b923c3d9d6818548d2391dc75354f4b9bad338e29c558aed59be", size = 9362952, upload-time = "2026-09-05T10:15:51.008Z" },
    { url = "https://files.pythonhosted.org/packages/3a/ff/ef6a6b45aa606d6702d57bbe504d5c0ce60e969e4d0d997a0f29a2e0e87f/tombi-1.5.2-py3-none-win32.whl", hash = "sha256:91d51badf43e5326fb7f5f6e6875f91fefaba59cb22fd41fb13bf342d3ce89b3", size = 8938818, upload-time = "2026-09-05T10:15:53.012Z" },
    { url = "https://files.pythonhosted.org/packages/c7/0a/bddc13b3b82fe4b4aeee4de588cf1f81f52cb7ba6eed80af90ff7f22f49d/tombi-1.5.2-py3-none-win_amd64.whl", hash = "sha256:569cffcdb6b399673d65b1d2e14bcb739d0f13a19da977d037859b44887406f0", size = 10251744, upload-time = "2026-09-05T10:15:55.251Z" },
]
